
Microsoft Visual Studio Solution File, Format Version 12.00
# Visual Studio Version 17
VisualStudioVersion = 17.5.33414.496
MinimumVisualStudioVersion = 10.0.40219.1
Project("{FAE04EC0-301F-11D3-BF4B-00C04F79EFBC}") = "Words from text", "Words from text\Words from text.csproj", "{61E7E794-C14D-4CD6-9262-586ECC01EA4C}"
EndProject
Global
	GlobalSection(SolutionConfigurationPlatforms) = preSolution
		Debug|Any CPU = Debug|Any CPU
		Release|Any CPU = Release|Any CPU
	EndGlobalSection
	GlobalSection(ProjectConfigurationPlatforms) = postSolution
		{61E7E794-C14D-4CD6-9262-586ECC01EA4C}.Debug|Any CPU.ActiveCfg = Debug|Any CPU
		{61E7E794-C14D-4CD6-9262-586ECC01EA4C}.Debug|Any CPU.Build.0 = Debug|Any CPU
		{61E7E794-C14D-4CD6-9262-586ECC01EA4C}.Release|Any CPU.ActiveCfg = Release|Any CPU
		{61E7E794-C14D-4CD6-9262-586ECC01EA4C}.Release|Any CPU.Build.0 = Release|Any CPU
	EndGlobalSection
	GlobalSection(SolutionProperties) = preSolution
		HideSolutionNode = FALSE
	EndGlobalSection
	GlobalSection(ExtensibilityGlobals) = postSolution
		SolutionGuid = {B84B6B34-8FBE-4E1E-AD85-724EBB416FC6}
	EndGlobalSection
EndGlobal
